
Microsoft Visual Studio Solution File, Format Version 12.00
# Visual Studio Version 17
VisualStudioVersion = 17.1.32228.430
MinimumVisualStudioVersion = 10.0.40219.1
Project("{54A90642-561A-4BB1-A94E-469ADEE60C69}") = "Runtime-terror", "Runtime-terror\Runtime-terror.esproj", "{25BDDE70-BB58-4B73-99B3-537F287EEEEC}"
EndProject
Project("{FAE04EC0-301F-11D3-BF4B-00C04F79EFBC}") = "MoviesWebAPI", "MoviesWebAPI\MoviesWebAPI.csproj", "{17C453E7-6F07-4DD3-BCA9-42DEC96459AD}"
EndProject
Global
	GlobalSection(SolutionConfigurationPlatforms) = preSolution
		Debug|Any CPU = Debug|Any CPU
		Release|Any CPU = Release|Any CPU
	EndGlobalSection
	GlobalSection(ProjectConfigurationPlatforms) = postSolution
		{25BDDE70-BB58-4B73-99B3-537F287EEEEC}.Debug|Any CPU.ActiveCfg = Debug|Any CPU
		{25BDDE70-BB58-4B73-99B3-537F287EEEEC}.Debug|Any CPU.Build.0 = Debug|Any CPU
		{25BDDE70-BB58-4B73-99B3-537F287EEEEC}.Debug|Any CPU.Deploy.0 = Debug|Any CPU
		{25BDDE70-BB58-4B73-99B3-537F287EEEEC}.Release|Any CPU.ActiveCfg = Release|Any CPU
		{25BDDE70-BB58-4B73-99B3-537F287EEEEC}.Release|Any CPU.Build.0 = Release|Any CPU
		{25BDDE70-BB58-4B73-99B3-537F287EEEEC}.Release|Any CPU.Deploy.0 = Release|Any CPU
		{17C453E7-6F07-4DD3-BCA9-42DEC96459AD}.Debug|Any CPU.ActiveCfg = Debug|Any CPU
		{17C453E7-6F07-4DD3-BCA9-42DEC96459AD}.Debug|Any CPU.Build.0 = Debug|Any CPU
		{17C453E7-6F07-4DD3-BCA9-42DEC96459AD}.Release|Any CPU.ActiveCfg = Release|Any CPU
		{17C453E7-6F07-4DD3-BCA9-42DEC96459AD}.Release|Any CPU.Build.0 = Release|Any CPU
	EndGlobalSection
	GlobalSection(SolutionProperties) = preSolution
		HideSolutionNode = FALSE
	EndGlobalSection
	GlobalSection(ExtensibilityGlobals) = postSolution
		SolutionGuid = {A04E81FD-1CA3-4B36-99DC-CAAED984B620}
	EndGlobalSection
EndGlobal
